
Microsoft Visual Studio Solution File, Format Version 12.00
# Visual Studio 14
VisualStudioVersion = 14.0.25123.0
MinimumVisualStudioVersion = 10.0.40219.1
Project("{FAE04EC0-301F-11D3-BF4B-00C04F79EFBC}") = "UI", "UI\UI.csproj", "{A46231B9-0F5C-4937-939C-12E79E2ADCBD}"
EndProject
Project("{FAE04EC0-301F-11D3-BF4B-00C04F79EFBC}") = "Persistencia", "Persistencia\Persistencia.csproj", "{167B1131-2161-47B1-A62D-32D0CD01AAB4}"
EndProject
Project("{FAE04EC0-301F-11D3-BF4B-00C04F79EFBC}") = "Testings", "Testings\Testings.csproj", "{92C8DAA1-E137-44E6-AD73-4C6260114F53}"
EndProject
Project("{FAE04EC0-301F-11D3-BF4B-00C04F79EFBC}") = "Dominio", "Dominio\Dominio.csproj", "{99913064-1A87-45EB-A137-C9C7239F0909}"
EndProject
Global
	GlobalSection(SolutionConfigurationPlatforms) = preSolution
		Debug|Any CPU = Debug|Any CPU
		Release|Any CPU = Release|Any CPU
	EndGlobalSection
	GlobalSection(ProjectConfigurationPlatforms) = postSolution
		{A46231B9-0F5C-4937-939C-12E79E2ADCBD}.Debug|Any CPU.ActiveCfg = Debug|Any CPU
		{A46231B9-0F5C-4937-939C-12E79E2ADCBD}.Debug|Any CPU.Build.0 = Debug|Any CPU
		{A46231B9-0F5C-4937-939C-12E79E2ADCBD}.Release|Any CPU.ActiveCfg = Release|Any CPU
		{A46231B9-0F5C-4937-939C-12E79E2ADCBD}.Release|Any CPU.Build.0 = Release|Any CPU
		{167B1131-2161-47B1-A62D-32D0CD01AAB4}.Debug|Any CPU.ActiveCfg = Debug|Any CPU
		{167B1131-2161-47B1-A62D-32D0CD01AAB4}.Debug|Any CPU.Build.0 = Debug|Any CPU
		{167B1131-2161-47B1-A62D-32D0CD01AAB4}.Release|Any CPU.ActiveCfg = Release|Any CPU
		{167B1131-2161-47B1-A62D-32D0CD01AAB4}.Release|Any CPU.Build.0 = Release|Any CPU
		{92C8DAA1-E137-44E6-AD73-4C6260114F53}.Debug|Any CPU.ActiveCfg = Debug|Any CPU
		{92C8DAA1-E137-44E6-AD73-4C6260114F53}.Debug|Any CPU.Build.0 = Debug|Any CPU
		{92C8DAA1-E137-44E6-AD73-4C6260114F53}.Release|Any CPU.ActiveCfg = Release|Any CPU
		{92C8DAA1-E137-44E6-AD73-4C6260114F53}.Release|Any CPU.Build.0 = Release|Any CPU
		{99913064-1A87-45EB-A137-C9C7239F0909}.Debug|Any CPU.ActiveCfg = Debug|Any CPU
		{99913064-1A87-45EB-A137-C9C7239F0909}.Debug|Any CPU.Build.0 = Debug|Any CPU
		{99913064-1A87-45EB-A137-C9C7239F0909}.Release|Any CPU.ActiveCfg = Release|Any CPU
		{99913064-1A87-45EB-A137-C9C7239F0909}.Release|Any CPU.Build.0 = Release|Any CPU
	EndGlobalSection
	GlobalSection(SolutionProperties) = preSolution
		HideSolutionNode = FALSE
	EndGlobalSection
EndGlobal
